
Microsoft Visual Studio Solution File, Format Version 12.00
# Visual Studio 2013
VisualStudioVersion = 12.0.30501.0
MinimumVisualStudioVersion = 10.0.40219.1
Project("{FAE04EC0-301F-11D3-BF4B-00C04F79EFBC}") = "GradingBookProject", "GradingBookProject\GradingBookProject.csproj", "{9252014E-701F-411C-A3BF-54F4C56F8C2B}"
	ProjectSection(ProjectDependencies) = postProject
		{791B8F6A-AA6B-4155-A652-9EE38AA157D2} = {791B8F6A-AA6B-4155-A652-9EE38AA157D2}
	EndProjectSection
EndProject
Project("{FAE04EC0-301F-11D3-BF4B-00C04F79EFBC}") = "GradingBookProject.Tests", "GradingBookProject.Tests\GradingBookProject.Tests.csproj", "{E3888FF5-78AA-4468-A6FB-4C4554679991}"
EndProject
Project("{2150E333-8FDC-42A3-9474-1A3956D46DE8}") = ".nuget", ".nuget", "{7D3423EA-BE37-46FF-A162-E216CBEC0FC6}"
	ProjectSection(SolutionItems) = preProject
		.nuget\NuGet.Config = .nuget\NuGet.Config
		.nuget\NuGet.exe = .nuget\NuGet.exe
		.nuget\NuGet.targets = .nuget\NuGet.targets
	EndProjectSection
EndProject
Project("{FAE04EC0-301F-11D3-BF4B-00C04F79EFBC}") = "GradingBookApi", "GradingBookApi\GradingBookApi.csproj", "{791B8F6A-AA6B-4155-A652-9EE38AA157D2}"
EndProject
Project("{FAE04EC0-301F-11D3-BF4B-00C04F79EFBC}") = "GradingBookApi.Tests", "GradingBookApi.Tests\GradingBookApi.Tests.csproj", "{7E16DC05-872E-4DF0-9E1C-DC97C8A5D74C}"
EndProject
Global
	GlobalSection(SolutionConfigurationPlatforms) = preSolution
		Debug|Any CPU = Debug|Any CPU
		Release|Any CPU = Release|Any CPU
	EndGlobalSection
	GlobalSection(ProjectConfigurationPlatforms) = postSolution
		{9252014E-701F-411C-A3BF-54F4C56F8C2B}.Debug|Any CPU.ActiveCfg = Debug|Any CPU
		{9252014E-701F-411C-A3BF-54F4C56F8C2B}.Debug|Any CPU.Build.0 = Debug|Any CPU
		{9252014E-701F-411C-A3BF-54F4C56F8C2B}.Release|Any CPU.ActiveCfg = Release|Any CPU
		{9252014E-701F-411C-A3BF-54F4C56F8C2B}.Release|Any CPU.Build.0 = Release|Any CPU
		{E3888FF5-78AA-4468-A6FB-4C4554679991}.Debug|Any CPU.ActiveCfg = Debug|Any CPU
		{E3888FF5-78AA-4468-A6FB-4C4554679991}.Debug|Any CPU.Build.0 = Debug|Any CPU
		{E3888FF5-78AA-4468-A6FB-4C4554679991}.Release|Any CPU.ActiveCfg = Release|Any CPU
		{E3888FF5-78AA-4468-A6FB-4C4554679991}.Release|Any CPU.Build.0 = Release|Any CPU
		{791B8F6A-AA6B-4155-A652-9EE38AA157D2}.Debug|Any CPU.ActiveCfg = Debug|Any CPU
		{791B8F6A-AA6B-4155-A652-9EE38AA157D2}.Debug|Any CPU.Build.0 = Debug|Any CPU
		{791B8F6A-AA6B-4155-A652-9EE38AA157D2}.Release|Any CPU.ActiveCfg = Release|Any CPU
		{791B8F6A-AA6B-4155-A652-9EE38AA157D2}.Release|Any CPU.Build.0 = Release|Any CPU
		{7E16DC05-872E-4DF0-9E1C-DC97C8A5D74C}.Debug|Any CPU.ActiveCfg = Debug|Any CPU
		{7E16DC05-872E-4DF0-9E1C-DC97C8A5D74C}.Debug|Any CPU.Build.0 = Debug|Any CPU
		{7E16DC05-872E-4DF0-9E1C-DC97C8A5D74C}.Release|Any CPU.ActiveCfg = Release|Any CPU
		{7E16DC05-872E-4DF0-9E1C-DC97C8A5D74C}.Release|Any CPU.Build.0 = Release|Any CPU
	EndGlobalSection
	GlobalSection(SolutionProperties) = preSolution
		HideSolutionNode = FALSE
	EndGlobalSection
EndGlobal
